
Microsoft Visual Studio Solution File, Format Version 12.00
# Visual Studio 2013
VisualStudioVersion = 12.0.21005.1
MinimumVisualStudioVersion = 10.0.40219.1
Project("{FAE04EC0-301F-11D3-BF4B-00C04F79EFBC}") = "Journal.Data.Sql", "Journal.Data.Sql\Journal.Data.Sql.csproj", "{A7DD5806-B561-4F83-96C9-B56E88733BA0}"
EndProject
Project("{FAE04EC0-301F-11D3-BF4B-00C04F79EFBC}") = "Journal.Shared", "Journal.Shared\Journal.Shared.csproj", "{4BDCA275-C3C0-4977-8D14-1554A2172E07}"
EndProject
Project("{2150E333-8FDC-42A3-9474-1A3956D46DE8}") = "Tools", "Tools", "{55F31C6D-49E0-4158-9EE4-8B54FFD6E528}"
EndProject
Project("{FAE04EC0-301F-11D3-BF4B-00C04F79EFBC}") = "DatabaseDemoPumper", "DatabaseDemoPumper\DatabaseDemoPumper.csproj", "{CEB5172B-F106-477E-B62B-E060E754EBE8}"
EndProject
Project("{FAE04EC0-301F-11D3-BF4B-00C04F79EFBC}") = "Journal.WebApplication", "Journal.WebApplication\Journal.WebApplication.csproj", "{A918A88D-26F5-403D-994F-CCFF32DA84D4}"
EndProject
Global
	GlobalSection(SolutionConfigurationPlatforms) = preSolution
		Debug|Any CPU = Debug|Any CPU
		Release|Any CPU = Release|Any CPU
	EndGlobalSection
	GlobalSection(ProjectConfigurationPlatforms) = postSolution
		{A7DD5806-B561-4F83-96C9-B56E88733BA0}.Debug|Any CPU.ActiveCfg = Debug|Any CPU
		{A7DD5806-B561-4F83-96C9-B56E88733BA0}.Debug|Any CPU.Build.0 = Debug|Any CPU
		{A7DD5806-B561-4F83-96C9-B56E88733BA0}.Release|Any CPU.ActiveCfg = Release|Any CPU
		{A7DD5806-B561-4F83-96C9-B56E88733BA0}.Release|Any CPU.Build.0 = Release|Any CPU
		{4BDCA275-C3C0-4977-8D14-1554A2172E07}.Debug|Any CPU.ActiveCfg = Debug|Any CPU
		{4BDCA275-C3C0-4977-8D14-1554A2172E07}.Debug|Any CPU.Build.0 = Debug|Any CPU
		{4BDCA275-C3C0-4977-8D14-1554A2172E07}.Release|Any CPU.ActiveCfg = Release|Any CPU
		{4BDCA275-C3C0-4977-8D14-1554A2172E07}.Release|Any CPU.Build.0 = Release|Any CPU
		{CEB5172B-F106-477E-B62B-E060E754EBE8}.Debug|Any CPU.ActiveCfg = Debug|Any CPU
		{CEB5172B-F106-477E-B62B-E060E754EBE8}.Debug|Any CPU.Build.0 = Debug|Any CPU
		{CEB5172B-F106-477E-B62B-E060E754EBE8}.Release|Any CPU.ActiveCfg = Release|Any CPU
		{CEB5172B-F106-477E-B62B-E060E754EBE8}.Release|Any CPU.Build.0 = Release|Any CPU
		{A918A88D-26F5-403D-994F-CCFF32DA84D4}.Debug|Any CPU.ActiveCfg = Debug|Any CPU
		{A918A88D-26F5-403D-994F-CCFF32DA84D4}.Debug|Any CPU.Build.0 = Debug|Any CPU
		{A918A88D-26F5-403D-994F-CCFF32DA84D4}.Release|Any CPU.ActiveCfg = Release|Any CPU
		{A918A88D-26F5-403D-994F-CCFF32DA84D4}.Release|Any CPU.Build.0 = Release|Any CPU
	EndGlobalSection
	GlobalSection(SolutionProperties) = preSolution
		HideSolutionNode = FALSE
	EndGlobalSection
	GlobalSection(NestedProjects) = preSolution
		{CEB5172B-F106-477E-B62B-E060E754EBE8} = {55F31C6D-49E0-4158-9EE4-8B54FFD6E528}
	EndGlobalSection
EndGlobal
